
Microsoft Visual Studio Solution File, Format Version 12.00
# Visual Studio 15
VisualStudioVersion = 15.0.26228.12
MinimumVisualStudioVersion = 10.0.40219.1
Project("{FAE04EC0-301F-11D3-BF4B-00C04F79EFBC}") = "Core.Shogi", "Core.Shogi\Core.Shogi.csproj", "{25AAF2EA-2EC6-4816-AD31-90DC4BC987C0}"
EndProject
Project("{FAE04EC0-301F-11D3-BF4B-00C04F79EFBC}") = "Core.Shogi.Adapters", "Core.Shogi.Adapters\Core.Shogi.Adapters.csproj", "{003DE036-E6CA-48EC-AE46-1E783F0962E1}"
EndProject
Project("{FAE04EC0-301F-11D3-BF4B-00C04F79EFBC}") = "Core.Shogi.Console", "Core.Shogi.Console\Core.Shogi.Console.csproj", "{8D8A82FE-6FA5-4F07-B46A-064398B2CA8A}"
EndProject
Project("{FAE04EC0-301F-11D3-BF4B-00C04F79EFBC}") = "Core.Shogi.Tests", "Core.Shogi.Tests\Core.Shogi.Tests.csproj", "{88ED3DA5-4237-4220-8148-079DFB4C9736}"
EndProject
Project("{2150E333-8FDC-42A3-9474-1A3956D46DE8}") = "Solution Items", "Solution Items", "{0D0B111A-F1FF-4F29-AFD3-B5042A79E79F}"
	ProjectSection(SolutionItems) = preProject
		Bitboard.md = Bitboard.md
		README.md = README.md
	EndProjectSection
EndProject
Global
	GlobalSection(SolutionConfigurationPlatforms) = preSolution
		Debug|Any CPU = Debug|Any CPU
		Release|Any CPU = Release|Any CPU
	EndGlobalSection
	GlobalSection(ProjectConfigurationPlatforms) = postSolution
		{25AAF2EA-2EC6-4816-AD31-90DC4BC987C0}.Debug|Any CPU.ActiveCfg = Debug|Any CPU
		{25AAF2EA-2EC6-4816-AD31-90DC4BC987C0}.Debug|Any CPU.Build.0 = Debug|Any CPU
		{25AAF2EA-2EC6-4816-AD31-90DC4BC987C0}.Release|Any CPU.ActiveCfg = Release|Any CPU
		{25AAF2EA-2EC6-4816-AD31-90DC4BC987C0}.Release|Any CPU.Build.0 = Release|Any CPU
		{003DE036-E6CA-48EC-AE46-1E783F0962E1}.Debug|Any CPU.ActiveCfg = Debug|Any CPU
		{003DE036-E6CA-48EC-AE46-1E783F0962E1}.Debug|Any CPU.Build.0 = Debug|Any CPU
		{003DE036-E6CA-48EC-AE46-1E783F0962E1}.Release|Any CPU.ActiveCfg = Release|Any CPU
		{003DE036-E6CA-48EC-AE46-1E783F0962E1}.Release|Any CPU.Build.0 = Release|Any CPU
		{8D8A82FE-6FA5-4F07-B46A-064398B2CA8A}.Debug|Any CPU.ActiveCfg = Debug|Any CPU
		{8D8A82FE-6FA5-4F07-B46A-064398B2CA8A}.Debug|Any CPU.Build.0 = Debug|Any CPU
		{8D8A82FE-6FA5-4F07-B46A-064398B2CA8A}.Release|Any CPU.ActiveCfg = Release|Any CPU
		{8D8A82FE-6FA5-4F07-B46A-064398B2CA8A}.Release|Any CPU.Build.0 = Release|Any CPU
		{88ED3DA5-4237-4220-8148-079DFB4C9736}.Debug|Any CPU.ActiveCfg = Debug|Any CPU
		{88ED3DA5-4237-4220-8148-079DFB4C9736}.Debug|Any CPU.Build.0 = Debug|Any CPU
		{88ED3DA5-4237-4220-8148-079DFB4C9736}.Release|Any CPU.ActiveCfg = Release|Any CPU
		{88ED3DA5-4237-4220-8148-079DFB4C9736}.Release|Any CPU.Build.0 = Release|Any CPU
	EndGlobalSection
	GlobalSection(SolutionProperties) = preSolution
		HideSolutionNode = FALSE
	EndGlobalSection
EndGlobal
